
Microsoft Visual Studio Solution File, Format Version 12.00
# Visual Studio Version 16
VisualStudioVersion = 16.0.810.9
MinimumVisualStudioVersion = 10.0.40219.1
Project("{FAE04EC0-301F-11D3-BF4B-00C04F79EFBC}") = "Novenen", "Novenen.csproj", "{C9075EA0-CBA8-4D10-88D4-4FCB0C15D0DB}"
EndProject
Global
	GlobalSection(SolutionConfigurationPlatforms) = preSolution
		Debug|Any CPU = Debug|Any CPU
		Release|Any CPU = Release|Any CPU
	EndGlobalSection
	GlobalSection(ProjectConfigurationPlatforms) = postSolution
		{C9075EA0-CBA8-4D10-88D4-4FCB0C15D0DB}.Debug|Any CPU.ActiveCfg = Debug|Any CPU
		{C9075EA0-CBA8-4D10-88D4-4FCB0C15D0DB}.Debug|Any CPU.Build.0 = Debug|Any CPU
		{C9075EA0-CBA8-4D10-88D4-4FCB0C15D0DB}.Release|Any CPU.ActiveCfg = Release|Any CPU
		{C9075EA0-CBA8-4D10-88D4-4FCB0C15D0DB}.Release|Any CPU.Build.0 = Release|Any CPU
	EndGlobalSection
	GlobalSection(SolutionProperties) = preSolution
		HideSolutionNode = FALSE
	EndGlobalSection
	GlobalSection(ExtensibilityGlobals) = postSolution
		SolutionGuid = {C52288C3-9829-422E-870B-9CFAE5EC049B}
	EndGlobalSection
EndGlobal
